
Microsoft Visual Studio Solution File, Format Version 12.00
# Visual Studio 15
VisualStudioVersion = 15.0.28307.421
MinimumVisualStudioVersion = 10.0.40219.1
Project("{FAE04EC0-301F-11D3-BF4B-00C04F79EFBC}") = "ACWatchDog", "ACWatchDog\ACWatchDog.csproj", "{A634BF1B-031F-4617-B662-D50723EE7761}"
EndProject
Project("{FAE04EC0-301F-11D3-BF4B-00C04F79EFBC}") = "ACWatchDog.Interop", "ACWatchDog.Interop\ACWatchDog.Interop.csproj", "{51363715-2496-4B81-A590-F18993049C6B}"
EndProject
Project("{FAE04EC0-301F-11D3-BF4B-00C04F79EFBC}") = "ACWatchDog.TestClient", "ACWatchDog.TestClient\ACWatchDog.TestClient.csproj", "{79C2AA8D-7AE4-40D5-9983-A27C8E84A90D}"
EndProject
Global
	GlobalSection(SolutionConfigurationPlatforms) = preSolution
		Debug|Any CPU = Debug|Any CPU
		Release|Any CPU = Release|Any CPU
	EndGlobalSection
	GlobalSection(ProjectConfigurationPlatforms) = postSolution
		{A634BF1B-031F-4617-B662-D50723EE7761}.Debug|Any CPU.ActiveCfg = Debug|Any CPU
		{A634BF1B-031F-4617-B662-D50723EE7761}.Debug|Any CPU.Build.0 = Debug|Any CPU
		{A634BF1B-031F-4617-B662-D50723EE7761}.Release|Any CPU.ActiveCfg = Release|Any CPU
		{A634BF1B-031F-4617-B662-D50723EE7761}.Release|Any CPU.Build.0 = Release|Any CPU
		{51363715-2496-4B81-A590-F18993049C6B}.Debug|Any CPU.ActiveCfg = Debug|Any CPU
		{51363715-2496-4B81-A590-F18993049C6B}.Debug|Any CPU.Build.0 = Debug|Any CPU
		{51363715-2496-4B81-A590-F18993049C6B}.Release|Any CPU.ActiveCfg = Release|Any CPU
		{51363715-2496-4B81-A590-F18993049C6B}.Release|Any CPU.Build.0 = Release|Any CPU
		{79C2AA8D-7AE4-40D5-9983-A27C8E84A90D}.Debug|Any CPU.ActiveCfg = Debug|Any CPU
		{79C2AA8D-7AE4-40D5-9983-A27C8E84A90D}.Debug|Any CPU.Build.0 = Debug|Any CPU
		{79C2AA8D-7AE4-40D5-9983-A27C8E84A90D}.Release|Any CPU.ActiveCfg = Release|Any CPU
		{79C2AA8D-7AE4-40D5-9983-A27C8E84A90D}.Release|Any CPU.Build.0 = Release|Any CPU
	EndGlobalSection
	GlobalSection(SolutionProperties) = preSolution
		HideSolutionNode = FALSE
	EndGlobalSection
	GlobalSection(ExtensibilityGlobals) = postSolution
		SolutionGuid = {A9546C9B-5821-4919-B58C-384D73B19C82}
	EndGlobalSection
EndGlobal
